
Microsoft Visual Studio Solution File, Format Version 12.00
# Visual Studio Version 17
VisualStudioVersion = 17.0.31903.59
MinimumVisualStudioVersion = 10.0.40219.1
Project("{2150E333-8FDC-42A3-9474-1A3956D46DE8}") = "Forms", "Forms", "{6CEF0FAF-E789-433F-AD5C-F0E3F45CA77B}"
EndProject
Project("{9A19103F-16F7-4668-BE54-9A1E7A4F7556}") = "FlatRedBall.Forms.FNA.NET", "Forms\FlatRedBall.Forms\FlatRedBall.Forms.FNA.NET\FlatRedBall.Forms.FNA.NET.csproj", "{724D7D05-06E9-407F-9C53-71D8342085BE}"
EndProject
Project("{2150E333-8FDC-42A3-9474-1A3956D46DE8}") = "FlatRedBallXNA", "FlatRedBallXNA", "{C68469F0-5026-434F-A215-E70708BEE41A}"
EndProject
Project("{9A19103F-16F7-4668-BE54-9A1E7A4F7556}") = "FlatRedBall.FNA.NET", "FlatRedBallXNA\FlatRedBall.FNA.NET\FlatRedBall.FNA.NET.csproj", "{E3BC7807-846C-4E58-BB10-FC3A8C5DA2A2}"
EndProject
Project("{D954291E-2A0B-460D-934E-DC6B0785DB48}") = "FlatRedBallShared", "FlatRedBallXNA\FlatRedBall\FlatRedBallShared.shproj", "{0BB8CBE3-8503-46C1-9272-D98E153A230E}"
EndProject
Project("{D954291E-2A0B-460D-934E-DC6B0785DB48}") = "FlatRedBall.Forms.Shared", "Forms\FlatRedBall.Forms\FlatRedBall.Forms.Shared\FlatRedBall.Forms.Shared.shproj", "{728151F0-03E0-4253-94FE-46B9C77EDEA6}"
EndProject
Project("{9A19103F-16F7-4668-BE54-9A1E7A4F7556}") = "Gum.FNA.NET", "..\..\Gum\Gum.FNA.NET\Gum.FNA.NET.csproj", "{D572F800-2EAE-4101-AEDF-81D32959B6CF}"
EndProject
Project("{9A19103F-16F7-4668-BE54-9A1E7A4F7556}") = "StateInterpolation.FNA.NET", "Forms\FlatRedBall.Forms\StateInterpolation\StateInterpolation.FNA.NET\StateInterpolation.FNA.NET.csproj", "{C0F2479E-C245-4A80-AEAD-735328363C4E}"
EndProject
Project("{D954291E-2A0B-460D-934E-DC6B0785DB48}") = "GumCoreShared.FlatRedBall", "..\FRBDK\Glue\GumPlugin\GumPlugin\GumCoreShared.FlatRedBall.shproj", "{0EE8A96C-A754-453D-9E65-19A24E9A5E76}"
EndProject
Project("{D954291E-2A0B-460D-934E-DC6B0785DB48}") = "StateInterpolationShared", "..\FRBDK\Glue\StateInterpolationPlugin\StateInterpolationPlugin\StateInterpolationShared.shproj", "{D00D287D-385B-42FB-BF5F-04401E7D37D0}"
EndProject
Project("{D954291E-2A0B-460D-934E-DC6B0785DB48}") = "GumCoreShared", "..\..\Gum\GumCoreShared.shproj", "{F919C045-EAC7-4806-9A1F-CE421F923E97}"
EndProject
Project("{9A19103F-16F7-4668-BE54-9A1E7A4F7556}") = "SkiaInGum.FNA.NET", "..\..\Gum\SvgPlugin\SkiaInGumShared\SkiaInGum.FNA.NET.csproj", "{15C81D61-EEF8-465E-B15B-9B934DD862D4}"
EndProject
Project("{2150E333-8FDC-42A3-9474-1A3956D46DE8}") = "Gum", "Gum", "{8850F971-2571-49DB-B45A-C33D1FA9B73D}"
EndProject
Project("{2150E333-8FDC-42A3-9474-1A3956D46DE8}") = "Glue", "Glue", "{17EA3A1E-2422-4BB2-A1A0-6FA8145BC135}"
EndProject
Project("{9A19103F-16F7-4668-BE54-9A1E7A4F7556}") = "GlueForms.FNA.NET", "..\FRBDK\Glue\Glue\GlueForms.FNA.NET.csproj", "{DA069D65-B298-4A39-8D6D-47F18D1DC307}"
EndProject
Project("{9A19103F-16F7-4668-BE54-9A1E7A4F7556}") = "FlatRedBall.Plugin.FNA.NET", "..\FRBDK\Glue\FlatRedBall.Plugin\FlatRedBall.Plugin.FNA.NET.csproj", "{963E6E31-4C7D-4D24-B4EC-D564321360F0}"
EndProject
Project("{9A19103F-16F7-4668-BE54-9A1E7A4F7556}") = "FlatRedBall.PropertyGrid", "..\FRBDK\Glue\FlatRedBall.PropertyGrid\FlatRedBall.PropertyGrid.csproj", "{718A6FF6-4529-48D0-8068-20EC771A7977}"
EndProject
Project("{9A19103F-16F7-4668-BE54-9A1E7A4F7556}") = "GlueCommon.FNA.NET", "..\FRBDK\Glue\GlueCommon\GlueCommon.FNA.NET.csproj", "{5BC83D91-48C6-48EF-AC33-39431531F310}"
EndProject
Project("{9A19103F-16F7-4668-BE54-9A1E7A4F7556}") = "NpcWpfLib", "..\FRBDK\Glue\NpcWpfLib\NpcWpfLib.csproj", "{F8AF55D8-8F52-4E71-82EB-8932D200F4B8}"
EndProject
Project("{9A19103F-16F7-4668-BE54-9A1E7A4F7556}") = "SkiaGum.Wpf.FNA.NET", "..\..\Gum\SkiaGum.Wpf.FNA.NET\SkiaGum.Wpf.FNA.NET.csproj", "{05B7D1F5-F9D4-4273-A995-CD4F25C5E318}"
EndProject
Project("{9A19103F-16F7-4668-BE54-9A1E7A4F7556}") = "StateInterpolation.FNA.NET", "..\FRBDK\Glue\StateInterpolationPlugin\StateInterpolation.FNA.NET\StateInterpolation.FNA.NET.csproj", "{CA187A28-E14A-48B9-8925-F9495A45AFEB}"
EndProject
Project("{9A19103F-16F7-4668-BE54-9A1E7A4F7556}") = "TMXGlueLib.FNA.NET", "..\Tiled\TMXGlueLib\TMXGlueLib.FNA.NET.csproj", "{273D4768-0B14-40AA-8D7F-EBE25E87A7F2}"
EndProject
Project("{9A19103F-16F7-4668-BE54-9A1E7A4F7556}") = "UpdaterWpf", "..\FRBDK\FRBDKUpdater\UpdaterWpf\UpdaterWpf\UpdaterWpf.csproj", "{CA3A8DFB-38A3-4C7B-83DD-469D154F1CF0}"
EndProject
Project("{9A19103F-16F7-4668-BE54-9A1E7A4F7556}") = "WpfDataUiCore", "..\..\Gum\WpfDataUiCore\WpfDataUiCore.csproj", "{E50A255B-6978-4EC7-85AF-98FA342F84E3}"
EndProject
Project("{9A19103F-16F7-4668-BE54-9A1E7A4F7556}") = "Localization", "..\FRBDK\Localization\Localization.csproj", "{152080BE-B1E5-4F24-9C1E-41621D27A876}"
EndProject
Project("{9A19103F-16F7-4668-BE54-9A1E7A4F7556}") = "ToolsUtilitiesStandard", "..\..\Gum\ToolsUtilities\ToolsUtilitiesStandard.csproj", "{19BA53CA-86A4-406B-B2FC-04CACF52DA6C}"
EndProject
Project("{2150E333-8FDC-42A3-9474-1A3956D46DE8}") = "FRBDK", "FRBDK", "{D618D1A1-D3B1-4F5B-A37B-C5CC8020993D}"
EndProject
Project("{2150E333-8FDC-42A3-9474-1A3956D46DE8}") = "Plugins", "Plugins", "{57DF68C8-A671-4906-8D6F-D3C77620B482}"
EndProject
Project("{9A19103F-16F7-4668-BE54-9A1E7A4F7556}") = "PluginLibraries.FNA.NET", "..\FRBDK\Glue\PluginLibraries\PluginLibraries.FNA.NET.csproj", "{3FD1DA8C-C7A4-4F7C-810D-FF5E1D36735F}"
EndProject
Project("{9A19103F-16F7-4668-BE54-9A1E7A4F7556}") = "OfficialPlugins.FNA.NET", "..\FRBDK\Glue\OfficialPlugins\OfficialPlugins.FNA.NET.csproj", "{585B498C-F35A-4C9F-92D8-57D7844E6A0B}"
EndProject
Project("{9A19103F-16F7-4668-BE54-9A1E7A4F7556}") = "GumPlugin.FNA.NET", "..\FRBDK\Glue\GumPlugin\GumPlugin\GumPlugin.FNA.NET.csproj", "{6E60E445-D8AC-4600-AC73-ABEFEB2BD9B5}"
EndProject
Global
	GlobalSection(SolutionConfigurationPlatforms) = preSolution
		Debug|Any CPU = Debug|Any CPU
		Debug|x86 = Debug|x86
		Release|Any CPU = Release|Any CPU
		Release|x86 = Release|x86
	EndGlobalSection
	GlobalSection(ProjectConfigurationPlatforms) = postSolution
		{724D7D05-06E9-407F-9C53-71D8342085BE}.Debug|Any CPU.ActiveCfg = Debug|Any CPU
		{724D7D05-06E9-407F-9C53-71D8342085BE}.Debug|Any CPU.Build.0 = Debug|Any CPU
		{724D7D05-06E9-407F-9C53-71D8342085BE}.Debug|x86.ActiveCfg = Debug|Any CPU
		{724D7D05-06E9-407F-9C53-71D8342085BE}.Debug|x86.Build.0 = Debug|Any CPU
		{724D7D05-06E9-407F-9C53-71D8342085BE}.Release|Any CPU.ActiveCfg = Release|Any CPU
		{724D7D05-06E9-407F-9C53-71D8342085BE}.Release|Any CPU.Build.0 = Release|Any CPU
		{724D7D05-06E9-407F-9C53-71D8342085BE}.Release|x86.ActiveCfg = Release|Any CPU
		{724D7D05-06E9-407F-9C53-71D8342085BE}.Release|x86.Build.0 = Release|Any CPU
		{E3BC7807-846C-4E58-BB10-FC3A8C5DA2A2}.Debug|Any CPU.ActiveCfg = Debug|Any CPU
		{E3BC7807-846C-4E58-BB10-FC3A8C5DA2A2}.Debug|Any CPU.Build.0 = Debug|Any CPU
		{E3BC7807-846C-4E58-BB10-FC3A8C5DA2A2}.Debug|x86.ActiveCfg = Debug|Any CPU
		{E3BC7807-846C-4E58-BB10-FC3A8C5DA2A2}.Debug|x86.Build.0 = Debug|Any CPU
		{E3BC7807-846C-4E58-BB10-FC3A8C5DA2A2}.Release|Any CPU.ActiveCfg = Release|Any CPU
		{E3BC7807-846C-4E58-BB10-FC3A8C5DA2A2}.Release|Any CPU.Build.0 = Release|Any CPU
		{E3BC7807-846C-4E58-BB10-FC3A8C5DA2A2}.Release|x86.ActiveCfg = Release|Any CPU
		{E3BC7807-846C-4E58-BB10-FC3A8C5DA2A2}.Release|x86.Build.0 = Release|Any CPU
		{D572F800-2EAE-4101-AEDF-81D32959B6CF}.Debug|Any CPU.ActiveCfg = Debug|Any CPU
		{D572F800-2EAE-4101-AEDF-81D32959B6CF}.Debug|Any CPU.Build.0 = Debug|Any CPU
		{D572F800-2EAE-4101-AEDF-81D32959B6CF}.Debug|x86.ActiveCfg = Debug|Any CPU
		{D572F800-2EAE-4101-AEDF-81D32959B6CF}.Debug|x86.Build.0 = Debug|Any CPU
		{D572F800-2EAE-4101-AEDF-81D32959B6CF}.Release|Any CPU.ActiveCfg = Release|Any CPU
		{D572F800-2EAE-4101-AEDF-81D32959B6CF}.Release|Any CPU.Build.0 = Release|Any CPU
		{D572F800-2EAE-4101-AEDF-81D32959B6CF}.Release|x86.ActiveCfg = Release|Any CPU
		{D572F800-2EAE-4101-AEDF-81D32959B6CF}.Release|x86.Build.0 = Release|Any CPU
		{C0F2479E-C245-4A80-AEAD-735328363C4E}.Debug|Any CPU.ActiveCfg = Debug|Any CPU
		{C0F2479E-C245-4A80-AEAD-735328363C4E}.Debug|Any CPU.Build.0 = Debug|Any CPU
		{C0F2479E-C245-4A80-AEAD-735328363C4E}.Debug|x86.ActiveCfg = Debug|Any CPU
		{C0F2479E-C245-4A80-AEAD-735328363C4E}.Debug|x86.Build.0 = Debug|Any CPU
		{C0F2479E-C245-4A80-AEAD-735328363C4E}.Release|Any CPU.ActiveCfg = Release|Any CPU
		{C0F2479E-C245-4A80-AEAD-735328363C4E}.Release|Any CPU.Build.0 = Release|Any CPU
		{C0F2479E-C245-4A80-AEAD-735328363C4E}.Release|x86.ActiveCfg = Release|Any CPU
		{C0F2479E-C245-4A80-AEAD-735328363C4E}.Release|x86.Build.0 = Release|Any CPU
		{15C81D61-EEF8-465E-B15B-9B934DD862D4}.Debug|Any CPU.ActiveCfg = Debug|Any CPU
		{15C81D61-EEF8-465E-B15B-9B934DD862D4}.Debug|Any CPU.Build.0 = Debug|Any CPU
		{15C81D61-EEF8-465E-B15B-9B934DD862D4}.Debug|x86.ActiveCfg = Debug|Any CPU
		{15C81D61-EEF8-465E-B15B-9B934DD862D4}.Debug|x86.Build.0 = Debug|Any CPU
		{15C81D61-EEF8-465E-B15B-9B934DD862D4}.Release|Any CPU.ActiveCfg = Release|Any CPU
		{15C81D61-EEF8-465E-B15B-9B934DD862D4}.Release|Any CPU.Build.0 = Release|Any CPU
		{15C81D61-EEF8-465E-B15B-9B934DD862D4}.Release|x86.ActiveCfg = Release|Any CPU
		{15C81D61-EEF8-465E-B15B-9B934DD862D4}.Release|x86.Build.0 = Release|Any CPU
		{DA069D65-B298-4A39-8D6D-47F18D1DC307}.Debug|Any CPU.ActiveCfg = Debug|Any CPU
		{DA069D65-B298-4A39-8D6D-47F18D1DC307}.Debug|Any CPU.Build.0 = Debug|Any CPU
		{DA069D65-B298-4A39-8D6D-47F18D1DC307}.Debug|x86.ActiveCfg = Debug|Any CPU
		{DA069D65-B298-4A39-8D6D-47F18D1DC307}.Debug|x86.Build.0 = Debug|Any CPU
		{DA069D65-B298-4A39-8D6D-47F18D1DC307}.Release|Any CPU.ActiveCfg = Release|Any CPU
		{DA069D65-B298-4A39-8D6D-47F18D1DC307}.Release|Any CPU.Build.0 = Release|Any CPU
		{DA069D65-B298-4A39-8D6D-47F18D1DC307}.Release|x86.ActiveCfg = Release|Any CPU
		{DA069D65-B298-4A39-8D6D-47F18D1DC307}.Release|x86.Build.0 = Release|Any CPU
		{963E6E31-4C7D-4D24-B4EC-D564321360F0}.Debug|Any CPU.ActiveCfg = Debug|Any CPU
		{963E6E31-4C7D-4D24-B4EC-D564321360F0}.Debug|Any CPU.Build.0 = Debug|Any CPU
		{963E6E31-4C7D-4D24-B4EC-D564321360F0}.Debug|x86.ActiveCfg = Debug|Any CPU
		{963E6E31-4C7D-4D24-B4EC-D564321360F0}.Debug|x86.Build.0 = Debug|Any CPU
		{963E6E31-4C7D-4D24-B4EC-D564321360F0}.Release|Any CPU.ActiveCfg = Release|Any CPU
		{963E6E31-4C7D-4D24-B4EC-D564321360F0}.Release|Any CPU.Build.0 = Release|Any CPU
		{963E6E31-4C7D-4D24-B4EC-D564321360F0}.Release|x86.ActiveCfg = Release|Any CPU
		{963E6E31-4C7D-4D24-B4EC-D564321360F0}.Release|x86.Build.0 = Release|Any CPU
		{718A6FF6-4529-48D0-8068-20EC771A7977}.Debug|Any CPU.ActiveCfg = Debug|Any CPU
		{718A6FF6-4529-48D0-8068-20EC771A7977}.Debug|Any CPU.Build.0 = Debug|Any CPU
		{718A6FF6-4529-48D0-8068-20EC771A7977}.Debug|x86.ActiveCfg = Debug|Any CPU
		{718A6FF6-4529-48D0-8068-20EC771A7977}.Debug|x86.Build.0 = Debug|Any CPU
		{718A6FF6-4529-48D0-8068-20EC771A7977}.Release|Any CPU.ActiveCfg = Release|Any CPU
		{718A6FF6-4529-48D0-8068-20EC771A7977}.Release|Any CPU.Build.0 = Release|Any CPU
		{718A6FF6-4529-48D0-8068-20EC771A7977}.Release|x86.ActiveCfg = Release|Any CPU
		{718A6FF6-4529-48D0-8068-20EC771A7977}.Release|x86.Build.0 = Release|Any CPU
		{5BC83D91-48C6-48EF-AC33-39431531F310}.Debug|Any CPU.ActiveCfg = Debug|Any CPU
		{5BC83D91-48C6-48EF-AC33-39431531F310}.Debug|Any CPU.Build.0 = Debug|Any CPU
		{5BC83D91-48C6-48EF-AC33-39431531F310}.Debug|x86.ActiveCfg = Debug|Any CPU
		{5BC83D91-48C6-48EF-AC33-39431531F310}.Debug|x86.Build.0 = Debug|Any CPU
		{5BC83D91-48C6-48EF-AC33-39431531F310}.Release|Any CPU.ActiveCfg = Release|Any CPU
		{5BC83D91-48C6-48EF-AC33-39431531F310}.Release|Any CPU.Build.0 = Release|Any CPU
		{5BC83D91-48C6-48EF-AC33-39431531F310}.Release|x86.ActiveCfg = Release|Any CPU
		{5BC83D91-48C6-48EF-AC33-39431531F310}.Release|x86.Build.0 = Release|Any CPU
		{F8AF55D8-8F52-4E71-82EB-8932D200F4B8}.Debug|Any CPU.ActiveCfg = Debug|Any CPU
		{F8AF55D8-8F52-4E71-82EB-8932D200F4B8}.Debug|Any CPU.Build.0 = Debug|Any CPU
		{F8AF55D8-8F52-4E71-82EB-8932D200F4B8}.Debug|x86.ActiveCfg = Debug|Any CPU
		{F8AF55D8-8F52-4E71-82EB-8932D200F4B8}.Debug|x86.Build.0 = Debug|Any CPU
		{F8AF55D8-8F52-4E71-82EB-8932D200F4B8}.Release|Any CPU.ActiveCfg = Release|Any CPU
		{F8AF55D8-8F52-4E71-82EB-8932D200F4B8}.Release|Any CPU.Build.0 = Release|Any CPU
		{F8AF55D8-8F52-4E71-82EB-8932D200F4B8}.Release|x86.ActiveCfg = Release|Any CPU
		{F8AF55D8-8F52-4E71-82EB-8932D200F4B8}.Release|x86.Build.0 = Release|Any CPU
		{05B7D1F5-F9D4-4273-A995-CD4F25C5E318}.Debug|Any CPU.ActiveCfg = Debug|Any CPU
		{05B7D1F5-F9D4-4273-A995-CD4F25C5E318}.Debug|Any CPU.Build.0 = Debug|Any CPU
		{05B7D1F5-F9D4-4273-A995-CD4F25C5E318}.Debug|x86.ActiveCfg = Debug|Any CPU
		{05B7D1F5-F9D4-4273-A995-CD4F25C5E318}.Debug|x86.Build.0 = Debug|Any CPU
		{05B7D1F5-F9D4-4273-A995-CD4F25C5E318}.Release|Any CPU.ActiveCfg = Release|Any CPU
		{05B7D1F5-F9D4-4273-A995-CD4F25C5E318}.Release|Any CPU.Build.0 = Release|Any CPU
		{05B7D1F5-F9D4-4273-A995-CD4F25C5E318}.Release|x86.ActiveCfg = Release|Any CPU
		{05B7D1F5-F9D4-4273-A995-CD4F25C5E318}.Release|x86.Build.0 = Release|Any CPU
		{CA187A28-E14A-48B9-8925-F9495A45AFEB}.Debug|Any CPU.ActiveCfg = Debug|Any CPU
		{CA187A28-E14A-48B9-8925-F9495A45AFEB}.Debug|Any CPU.Build.0 = Debug|Any CPU
		{CA187A28-E14A-48B9-8925-F9495A45AFEB}.Debug|x86.ActiveCfg = Debug|Any CPU
		{CA187A28-E14A-48B9-8925-F9495A45AFEB}.Debug|x86.Build.0 = Debug|Any CPU
		{CA187A28-E14A-48B9-8925-F9495A45AFEB}.Release|Any CPU.ActiveCfg = Release|Any CPU
		{CA187A28-E14A-48B9-8925-F9495A45AFEB}.Release|Any CPU.Build.0 = Release|Any CPU
		{CA187A28-E14A-48B9-8925-F9495A45AFEB}.Release|x86.ActiveCfg = Release|Any CPU
		{CA187A28-E14A-48B9-8925-F9495A45AFEB}.Release|x86.Build.0 = Release|Any CPU
		{273D4768-0B14-40AA-8D7F-EBE25E87A7F2}.Debug|Any CPU.ActiveCfg = Debug|Any CPU
		{273D4768-0B14-40AA-8D7F-EBE25E87A7F2}.Debug|Any CPU.Build.0 = Debug|Any CPU
		{273D4768-0B14-40AA-8D7F-EBE25E87A7F2}.Debug|x86.ActiveCfg = Debug|Any CPU
		{273D4768-0B14-40AA-8D7F-EBE25E87A7F2}.Debug|x86.Build.0 = Debug|Any CPU
		{273D4768-0B14-40AA-8D7F-EBE25E87A7F2}.Release|Any CPU.ActiveCfg = Release|Any CPU
		{273D4768-0B14-40AA-8D7F-EBE25E87A7F2}.Release|Any CPU.Build.0 = Release|Any CPU
		{273D4768-0B14-40AA-8D7F-EBE25E87A7F2}.Release|x86.ActiveCfg = Release|Any CPU
		{273D4768-0B14-40AA-8D7F-EBE25E87A7F2}.Release|x86.Build.0 = Release|Any CPU
		{CA3A8DFB-38A3-4C7B-83DD-469D154F1CF0}.Debug|Any CPU.ActiveCfg = Debug|Any CPU
		{CA3A8DFB-38A3-4C7B-83DD-469D154F1CF0}.Debug|Any CPU.Build.0 = Debug|Any CPU
		{CA3A8DFB-38A3-4C7B-83DD-469D154F1CF0}.Debug|x86.ActiveCfg = Debug|Any CPU
		{CA3A8DFB-38A3-4C7B-83DD-469D154F1CF0}.Debug|x86.Build.0 = Debug|Any CPU
		{CA3A8DFB-38A3-4C7B-83DD-469D154F1CF0}.Release|Any CPU.ActiveCfg = Release|Any CPU
		{CA3A8DFB-38A3-4C7B-83DD-469D154F1CF0}.Release|Any CPU.Build.0 = Release|Any CPU
		{CA3A8DFB-38A3-4C7B-83DD-469D154F1CF0}.Release|x86.ActiveCfg = Release|Any CPU
		{CA3A8DFB-38A3-4C7B-83DD-469D154F1CF0}.Release|x86.Build.0 = Release|Any CPU
		{E50A255B-6978-4EC7-85AF-98FA342F84E3}.Debug|Any CPU.ActiveCfg = Debug|Any CPU
		{E50A255B-6978-4EC7-85AF-98FA342F84E3}.Debug|Any CPU.Build.0 = Debug|Any CPU
		{E50A255B-6978-4EC7-85AF-98FA342F84E3}.Debug|x86.ActiveCfg = Debug|Any CPU
		{E50A255B-6978-4EC7-85AF-98FA342F84E3}.Debug|x86.Build.0 = Debug|Any CPU
		{E50A255B-6978-4EC7-85AF-98FA342F84E3}.Release|Any CPU.ActiveCfg = Release|Any CPU
		{E50A255B-6978-4EC7-85AF-98FA342F84E3}.Release|Any CPU.Build.0 = Release|Any CPU
		{E50A255B-6978-4EC7-85AF-98FA342F84E3}.Release|x86.ActiveCfg = Release|Any CPU
		{E50A255B-6978-4EC7-85AF-98FA342F84E3}.Release|x86.Build.0 = Release|Any CPU
		{152080BE-B1E5-4F24-9C1E-41621D27A876}.Debug|Any CPU.ActiveCfg = Debug|Any CPU
		{152080BE-B1E5-4F24-9C1E-41621D27A876}.Debug|Any CPU.Build.0 = Debug|Any CPU
		{152080BE-B1E5-4F24-9C1E-41621D27A876}.Debug|x86.ActiveCfg = Debug|Any CPU
		{152080BE-B1E5-4F24-9C1E-41621D27A876}.Debug|x86.Build.0 = Debug|Any CPU
		{152080BE-B1E5-4F24-9C1E-41621D27A876}.Release|Any CPU.ActiveCfg = Release|Any CPU
		{152080BE-B1E5-4F24-9C1E-41621D27A876}.Release|Any CPU.Build.0 = Release|Any CPU
		{152080BE-B1E5-4F24-9C1E-41621D27A876}.Release|x86.ActiveCfg = Release|Any CPU
		{152080BE-B1E5-4F24-9C1E-41621D27A876}.Release|x86.Build.0 = Release|Any CPU
		{19BA53CA-86A4-406B-B2FC-04CACF52DA6C}.Debug|Any CPU.ActiveCfg = Debug|Any CPU
		{19BA53CA-86A4-406B-B2FC-04CACF52DA6C}.Debug|Any CPU.Build.0 = Debug|Any CPU
		{19BA53CA-86A4-406B-B2FC-04CACF52DA6C}.Debug|x86.ActiveCfg = Debug|x86
		{19BA53CA-86A4-406B-B2FC-04CACF52DA6C}.Debug|x86.Build.0 = Debug|x86
		{19BA53CA-86A4-406B-B2FC-04CACF52DA6C}.Release|Any CPU.ActiveCfg = Release|Any CPU
		{19BA53CA-86A4-406B-B2FC-04CACF52DA6C}.Release|Any CPU.Build.0 = Release|Any CPU
		{19BA53CA-86A4-406B-B2FC-04CACF52DA6C}.Release|x86.ActiveCfg = Release|x86
		{19BA53CA-86A4-406B-B2FC-04CACF52DA6C}.Release|x86.Build.0 = Release|x86
		{3FD1DA8C-C7A4-4F7C-810D-FF5E1D36735F}.Debug|Any CPU.ActiveCfg = Debug|Any CPU
		{3FD1DA8C-C7A4-4F7C-810D-FF5E1D36735F}.Debug|Any CPU.Build.0 = Debug|Any CPU
		{3FD1DA8C-C7A4-4F7C-810D-FF5E1D36735F}.Debug|x86.ActiveCfg = Debug|Any CPU
		{3FD1DA8C-C7A4-4F7C-810D-FF5E1D36735F}.Debug|x86.Build.0 = Debug|Any CPU
		{3FD1DA8C-C7A4-4F7C-810D-FF5E1D36735F}.Release|Any CPU.ActiveCfg = Release|Any CPU
		{3FD1DA8C-C7A4-4F7C-810D-FF5E1D36735F}.Release|Any CPU.Build.0 = Release|Any CPU
		{3FD1DA8C-C7A4-4F7C-810D-FF5E1D36735F}.Release|x86.ActiveCfg = Release|Any CPU
		{3FD1DA8C-C7A4-4F7C-810D-FF5E1D36735F}.Release|x86.Build.0 = Release|Any CPU
		{585B498C-F35A-4C9F-92D8-57D7844E6A0B}.Debug|Any CPU.ActiveCfg = Debug|Any CPU
		{585B498C-F35A-4C9F-92D8-57D7844E6A0B}.Debug|Any CPU.Build.0 = Debug|Any CPU
		{585B498C-F35A-4C9F-92D8-57D7844E6A0B}.Debug|x86.ActiveCfg = Debug|Any CPU
		{585B498C-F35A-4C9F-92D8-57D7844E6A0B}.Debug|x86.Build.0 = Debug|Any CPU
		{585B498C-F35A-4C9F-92D8-57D7844E6A0B}.Release|Any CPU.ActiveCfg = Release|Any CPU
		{585B498C-F35A-4C9F-92D8-57D7844E6A0B}.Release|Any CPU.Build.0 = Release|Any CPU
		{585B498C-F35A-4C9F-92D8-57D7844E6A0B}.Release|x86.ActiveCfg = Release|Any CPU
		{585B498C-F35A-4C9F-92D8-57D7844E6A0B}.Release|x86.Build.0 = Release|Any CPU
		{6E60E445-D8AC-4600-AC73-ABEFEB2BD9B5}.Debug|Any CPU.ActiveCfg = Debug|Any CPU
		{6E60E445-D8AC-4600-AC73-ABEFEB2BD9B5}.Debug|Any CPU.Build.0 = Debug|Any CPU
		{6E60E445-D8AC-4600-AC73-ABEFEB2BD9B5}.Debug|x86.ActiveCfg = Debug|Any CPU
		{6E60E445-D8AC-4600-AC73-ABEFEB2BD9B5}.Debug|x86.Build.0 = Debug|Any CPU
		{6E60E445-D8AC-4600-AC73-ABEFEB2BD9B5}.Release|Any CPU.ActiveCfg = Release|Any CPU
		{6E60E445-D8AC-4600-AC73-ABEFEB2BD9B5}.Release|Any CPU.Build.0 = Release|Any CPU
		{6E60E445-D8AC-4600-AC73-ABEFEB2BD9B5}.Release|x86.ActiveCfg = Release|Any CPU
		{6E60E445-D8AC-4600-AC73-ABEFEB2BD9B5}.Release|x86.Build.0 = Release|Any CPU
	EndGlobalSection
	GlobalSection(SolutionProperties) = preSolution
		HideSolutionNode = FALSE
	EndGlobalSection
	GlobalSection(NestedProjects) = preSolution
		{724D7D05-06E9-407F-9C53-71D8342085BE} = {6CEF0FAF-E789-433F-AD5C-F0E3F45CA77B}
		{E3BC7807-846C-4E58-BB10-FC3A8C5DA2A2} = {C68469F0-5026-434F-A215-E70708BEE41A}
		{0BB8CBE3-8503-46C1-9272-D98E153A230E} = {C68469F0-5026-434F-A215-E70708BEE41A}
		{728151F0-03E0-4253-94FE-46B9C77EDEA6} = {6CEF0FAF-E789-433F-AD5C-F0E3F45CA77B}
		{D572F800-2EAE-4101-AEDF-81D32959B6CF} = {8850F971-2571-49DB-B45A-C33D1FA9B73D}
		{C0F2479E-C245-4A80-AEAD-735328363C4E} = {6CEF0FAF-E789-433F-AD5C-F0E3F45CA77B}
		{0EE8A96C-A754-453D-9E65-19A24E9A5E76} = {17EA3A1E-2422-4BB2-A1A0-6FA8145BC135}
		{D00D287D-385B-42FB-BF5F-04401E7D37D0} = {6CEF0FAF-E789-433F-AD5C-F0E3F45CA77B}
		{F919C045-EAC7-4806-9A1F-CE421F923E97} = {8850F971-2571-49DB-B45A-C33D1FA9B73D}
		{15C81D61-EEF8-465E-B15B-9B934DD862D4} = {8850F971-2571-49DB-B45A-C33D1FA9B73D}
		{17EA3A1E-2422-4BB2-A1A0-6FA8145BC135} = {D618D1A1-D3B1-4F5B-A37B-C5CC8020993D}
		{DA069D65-B298-4A39-8D6D-47F18D1DC307} = {17EA3A1E-2422-4BB2-A1A0-6FA8145BC135}
		{963E6E31-4C7D-4D24-B4EC-D564321360F0} = {17EA3A1E-2422-4BB2-A1A0-6FA8145BC135}
		{718A6FF6-4529-48D0-8068-20EC771A7977} = {17EA3A1E-2422-4BB2-A1A0-6FA8145BC135}
		{5BC83D91-48C6-48EF-AC33-39431531F310} = {17EA3A1E-2422-4BB2-A1A0-6FA8145BC135}
		{F8AF55D8-8F52-4E71-82EB-8932D200F4B8} = {17EA3A1E-2422-4BB2-A1A0-6FA8145BC135}
		{05B7D1F5-F9D4-4273-A995-CD4F25C5E318} = {8850F971-2571-49DB-B45A-C33D1FA9B73D}
		{CA187A28-E14A-48B9-8925-F9495A45AFEB} = {17EA3A1E-2422-4BB2-A1A0-6FA8145BC135}
		{CA3A8DFB-38A3-4C7B-83DD-469D154F1CF0} = {D618D1A1-D3B1-4F5B-A37B-C5CC8020993D}
		{E50A255B-6978-4EC7-85AF-98FA342F84E3} = {8850F971-2571-49DB-B45A-C33D1FA9B73D}
		{152080BE-B1E5-4F24-9C1E-41621D27A876} = {D618D1A1-D3B1-4F5B-A37B-C5CC8020993D}
		{19BA53CA-86A4-406B-B2FC-04CACF52DA6C} = {8850F971-2571-49DB-B45A-C33D1FA9B73D}
		{57DF68C8-A671-4906-8D6F-D3C77620B482} = {17EA3A1E-2422-4BB2-A1A0-6FA8145BC135}
		{3FD1DA8C-C7A4-4F7C-810D-FF5E1D36735F} = {57DF68C8-A671-4906-8D6F-D3C77620B482}
		{585B498C-F35A-4C9F-92D8-57D7844E6A0B} = {57DF68C8-A671-4906-8D6F-D3C77620B482}
		{6E60E445-D8AC-4600-AC73-ABEFEB2BD9B5} = {57DF68C8-A671-4906-8D6F-D3C77620B482}
	EndGlobalSection
	GlobalSection(ExtensibilityGlobals) = postSolution
		SolutionGuid = {52B061F8-D21F-46EF-8B92-8C13A424B83B}
	EndGlobalSection
	GlobalSection(SharedMSBuildProjectFiles) = preSolution
		FlatRedBallXNA\FlatRedBall\FlatRedBallShared.projitems*{0bb8cbe3-8503-46c1-9272-d98e153a230e}*SharedItemsImports = 13
		..\FRBDK\Glue\GumPlugin\GumPlugin\GumCoreShared.FlatRedBall.projitems*{0ee8a96c-a754-453d-9e65-19a24e9a5e76}*SharedItemsImports = 13
		Forms\FlatRedBall.Forms\FlatRedBall.Forms.Shared\FlatRedBall.Forms.Shared.projitems*{724d7d05-06e9-407f-9c53-71d8342085be}*SharedItemsImports = 5
		Forms\FlatRedBall.Forms\FlatRedBall.Forms.Shared\FlatRedBall.Forms.Shared.projitems*{728151f0-03e0-4253-94fe-46b9c77edea6}*SharedItemsImports = 13
		..\FRBDK\Glue\StateInterpolationPlugin\StateInterpolationPlugin\StateInterpolationShared.projitems*{c0f2479e-c245-4a80-aead-735328363c4e}*SharedItemsImports = 5
		..\FRBDK\Glue\StateInterpolationPlugin\StateInterpolationPlugin\StateInterpolationShared.projitems*{ca187a28-e14a-48b9-8925-f9495a45afeb}*SharedItemsImports = 5
		..\FRBDK\Glue\StateInterpolationPlugin\StateInterpolationPlugin\StateInterpolationShared.projitems*{d00d287d-385b-42fb-bf5f-04401e7d37d0}*SharedItemsImports = 13
		..\FRBDK\Glue\GumPlugin\GumPlugin\GumCoreShared.FlatRedBall.projitems*{d572f800-2eae-4101-aedf-81d32959b6cf}*SharedItemsImports = 5
		..\..\Gum\GumCoreShared.projitems*{d572f800-2eae-4101-aedf-81d32959b6cf}*SharedItemsImports = 5
		FlatRedBallXNA\FlatRedBall\FlatRedBallShared.projitems*{e3bc7807-846c-4e58-bb10-fc3a8c5da2a2}*SharedItemsImports = 5
		..\..\Gum\GumCoreShared.projitems*{f919c045-eac7-4806-9a1f-ce421f923e97}*SharedItemsImports = 13
	EndGlobalSection
EndGlobal
